<?xml version="1.0" encoding="utf-8"?>
<Project ToolsVersion="4.0" xmlns="http://schemas.microsoft.com/developer/msbuild/2003">
  <ItemGroup>
    <Filter Include="Source Files">
      <UniqueIdentifier>{4FC737F1-C7A5-4376-A066-2A32D752A2FF}</UniqueIdentifier>
      <Extensions>cpp;c;cc;cxx;def;odl;idl;hpj;bat;asm;asmx</Extensions>
    </Filter>
    <Filter Include="Header Files">
      <UniqueIdentifier>{93995380-89BD-4b04-88EB-625FBE52EBFB}</UniqueIdentifier>
      <Extensions>h;hh;hpp;hxx;hm;inl;inc;xsd</Extensions>
    </Filter>
    <Filter Include="Resource Files">
      <UniqueIdentifier>{67DA6AB6-F800-4c08-8B7A-83BB121AAD01}</UniqueIdentifier>
      <Extensions>rc;ico;cur;bmp;dlg;rc2;rct;bin;rgs;gif;jpg;jpeg;jpe;resx;tiff;tif;png;wav;mfcribbon-ms</Extensions>
    </Filter>
  </ItemGroup>
  <ItemGroup>
    <ClInclude Include="net\data\BaselineIndex.hpp">
      <Filter>Header Files</Filter>
    </ClInclude>
    <ClInclude Include="net\data\ConnectionState.hpp">
      <Filter>Header Files</Filter>
    </ClInclude>
    <ClInclude Include="net\data\FileStatus.hpp">
      <Filter>Header Files</Filter>
    </ClInclude>
    <ClInclude Include="net\data\GameEventDataType.hpp">
      <Filter>Header Files</Filter>
    </ClInclude>
    <ClInclude Include="net\data\GameEventDeclaration.hpp">
      <Filter>Header Files</Filter>
    </ClInclude>
    <ClInclude Include="net\data\IGameStreamElement.hpp">
      <Filter>Header Files</Filter>
    </ClInclude>
    <ClInclude Include="net\data\OperatingSystem.hpp">
      <Filter>Header Files</Filter>
    </ClInclude>
    <ClInclude Include="net\data\PrefetchType.hpp">
      <Filter>Header Files</Filter>
    </ClInclude>
    <ClInclude Include="net\data\SendProp.hpp">
      <Filter>Header Files</Filter>
    </ClInclude>
    <ClInclude Include="net\data\SendPropDefinition.hpp">
      <Filter>Header Files</Filter>
    </ClInclude>
    <ClInclude Include="net\data\SendPropFlags.hpp">
      <Filter>Header Files</Filter>
    </ClInclude>
    <ClInclude Include="net\data\SendPropType.hpp">
      <Filter>Header Files</Filter>
    </ClInclude>
    <ClInclude Include="net\data\SendTable.hpp">
      <Filter>Header Files</Filter>
    </ClInclude>
    <ClInclude Include="net\data\ServerClass.hpp">
      <Filter>Header Files</Filter>
    </ClInclude>
    <ClInclude Include="net\data\ServerInfo.hpp">
      <Filter>Header Files</Filter>
    </ClInclude>
    <ClInclude Include="net\data\SignonState.hpp">
      <Filter>Header Files</Filter>
    </ClInclude>
    <ClInclude Include="net\data\SourceConstants.hpp">
      <Filter>Header Files</Filter>
    </ClInclude>
    <ClInclude Include="net\data\StringTable.hpp">
      <Filter>Header Files</Filter>
    </ClInclude>
    <ClInclude Include="net\data\StringTableEntry.hpp">
      <Filter>Header Files</Filter>
    </ClInclude>
    <ClInclude Include="net\data\StringTableUpdate.hpp">
      <Filter>Header Files</Filter>
    </ClInclude>
    <ClInclude Include="net\data\UserInfo.hpp">
      <Filter>Header Files</Filter>
    </ClInclude>
    <ClInclude Include="net\data\UserMessageType.hpp">
      <Filter>Header Files</Filter>
    </ClInclude>
    <ClInclude Include="net\data\VoiceSetup.hpp">
      <Filter>Header Files</Filter>
    </ClInclude>
    <ClInclude Include="net\entities\Entity.hpp">
      <Filter>Header Files</Filter>
    </ClInclude>
    <ClInclude Include="net\netmessages\INetMessage.hpp">
      <Filter>Header Files</Filter>
    </ClInclude>
    <ClInclude Include="net\netmessages\NetBspDecalMessage.hpp">
      <Filter>Header Files</Filter>
    </ClInclude>
    <ClInclude Include="net\netmessages\NetClassInfoMessage.hpp">
      <Filter>Header Files</Filter>
    </ClInclude>
    <ClInclude Include="net\netmessages\NetCreateStringTableMessage.hpp">
      <Filter>Header Files</Filter>
    </ClInclude>
    <ClInclude Include="net\netmessages\NetEntityMessage.hpp">
      <Filter>Header Files</Filter>
    </ClInclude>
    <ClInclude Include="net\netmessages\NetFileMessage.hpp">
      <Filter>Header Files</Filter>
    </ClInclude>
    <ClInclude Include="net\netmessages\NetFixAngleMessage.hpp">
      <Filter>Header Files</Filter>
    </ClInclude>
    <ClInclude Include="net\netmessages\NetGameEventListMessage.hpp">
      <Filter>Header Files</Filter>
    </ClInclude>
    <ClInclude Include="net\netmessages\NetGameEventMessage.hpp">
      <Filter>Header Files</Filter>
    </ClInclude>
    <ClInclude Include="net\netmessages\NetMessageType.hpp">
      <Filter>Header Files</Filter>
    </ClInclude>
    <ClInclude Include="net\netmessages\NetPacketEntitiesMessage.hpp">
      <Filter>Header Files</Filter>
    </ClInclude>
    <ClInclude Include="net\netmessages\NetPrefetchMessage.hpp">
      <Filter>Header Files</Filter>
    </ClInclude>
    <ClInclude Include="net\netmessages\NetPrintMessage.hpp">
      <Filter>Header Files</Filter>
    </ClInclude>
    <ClInclude Include="net\netmessages\NetServerInfoMessage.hpp">
      <Filter>Header Files</Filter>
    </ClInclude>
    <ClInclude Include="net\netmessages\NetSetConVarMessage.hpp">
      <Filter>Header Files</Filter>
    </ClInclude>
    <ClInclude Include="net\netmessages\NetSetViewMessage.hpp">
      <Filter>Header Files</Filter>
    </ClInclude>
    <ClInclude Include="net\netmessages\NetSignonStateMessage.hpp">
      <Filter>Header Files</Filter>
    </ClInclude>
    <ClInclude Include="net\netmessages\NetSoundMessage.hpp">
      <Filter>Header Files</Filter>
    </ClInclude>
    <ClInclude Include="net\netmessages\NetStringCmdMessage.hpp">
      <Filter>Header Files</Filter>
    </ClInclude>
    <ClInclude Include="net\netmessages\NetTempEntitiesMessage.hpp">
      <Filter>Header Files</Filter>
    </ClInclude>
    <ClInclude Include="net\netmessages\NetTickMessage.hpp">
      <Filter>Header Files</Filter>
    </ClInclude>
    <ClInclude Include="net\netmessages\NetUpdateStringTableMessage.hpp">
      <Filter>Header Files</Filter>
    </ClInclude>
    <ClInclude Include="net\netmessages\NetUsrMsgMessage.hpp">
      <Filter>Header Files</Filter>
    </ClInclude>
    <ClInclude Include="net\netmessages\NetVoiceDataMessage.hpp">
      <Filter>Header Files</Filter>
    </ClInclude>
    <ClInclude Include="net\netmessages\NetVoiceInitMessage.hpp">
      <Filter>Header Files</Filter>
    </ClInclude>
    <ClInclude Include="net\worldstate\IWorldEventListener.hpp">
      <Filter>Header Files</Filter>
    </ClInclude>
    <ClInclude Include="net\worldstate\WorldEvents.hpp">
      <Filter>Header Files</Filter>
    </ClInclude>
    <ClInclude Include="net\worldstate\WorldState.hpp">
      <Filter>Header Files</Filter>
    </ClInclude>
    <ClInclude Include="net\NetMessageCoder.hpp">
      <Filter>Header Files</Filter>
    </ClInclude>
    <ClInclude Include="BitIO\BitIOBase.hpp">
      <Filter>Header Files</Filter>
    </ClInclude>
    <ClInclude Include="BitIO\BitIOCore.hpp">
      <Filter>Header Files</Filter>
    </ClInclude>
    <ClInclude Include="BitIO\BitIOReader.hpp">
      <Filter>Header Files</Filter>
    </ClInclude>
    <ClInclude Include="BitIO\BitIOWriter.hpp">
      <Filter>Header Files</Filter>
    </ClInclude>
    <ClInclude Include="BitIO\BitPosition.hpp">
      <Filter>Header Files</Filter>
    </ClInclude>
    <ClInclude Include="BitIO\IStreamElement.hpp">
      <Filter>Header Files</Filter>
    </ClInclude>
    <ClInclude Include="demos\commands\DemoConsoleCommand.hpp">
      <Filter>Header Files</Filter>
    </ClInclude>
    <ClInclude Include="demos\commands\DemoDataTablesCommand.hpp">
      <Filter>Header Files</Filter>
    </ClInclude>
    <ClInclude Include="demos\commands\DemoPacketCommand.hpp">
      <Filter>Header Files</Filter>
    </ClInclude>
    <ClInclude Include="demos\commands\DemoSignonCommand.hpp">
      <Filter>Header Files</Filter>
    </ClInclude>
    <ClInclude Include="demos\commands\DemoStringTablesCommand.hpp">
      <Filter>Header Files</Filter>
    </ClInclude>
    <ClInclude Include="demos\commands\DemoSyncTickCommand.hpp">
      <Filter>Header Files</Filter>
    </ClInclude>
    <ClInclude Include="demos\commands\DemoUserCommand.hpp">
      <Filter>Header Files</Filter>
    </ClInclude>
    <ClInclude Include="demos\commands\IDemoCommand.hpp">
      <Filter>Header Files</Filter>
    </ClInclude>
    <ClInclude Include="demos\commands\TimestampedDemoCommand.hpp">
      <Filter>Header Files</Filter>
    </ClInclude>
    <ClInclude Include="demos\DemoCommandType.hpp">
      <Filter>Header Files</Filter>
    </ClInclude>
    <ClInclude Include="demos\DemoFile.hpp">
      <Filter>Header Files</Filter>
    </ClInclude>
    <ClInclude Include="demos\DemoHeader.hpp">
      <Filter>Header Files</Filter>
    </ClInclude>
    <ClInclude Include="demos\DemoViewpoint.hpp">
      <Filter>Header Files</Filter>
    </ClInclude>
    <ClInclude Include="demos\DemoViewpointFlags.hpp">
      <Filter>Header Files</Filter>
    </ClInclude>
    <ClInclude Include="misc\Breakpoints.hpp">
      <Filter>Header Files</Filter>
    </ClInclude>
    <ClInclude Include="misc\Event.hpp">
      <Filter>Header Files</Filter>
    </ClInclude>
    <ClInclude Include="misc\Exceptions.hpp">
      <Filter>Header Files</Filter>
    </ClInclude>
    <ClInclude Include="misc\FilterIterator.hpp">
      <Filter>Header Files</Filter>
    </ClInclude>
    <ClInclude Include="misc\ForcedInclude.hpp">
      <Filter>Header Files</Filter>
    </ClInclude>
    <ClInclude Include="misc\ShorthandIntTypes.hpp">
      <Filter>Header Files</Filter>
    </ClInclude>
    <ClInclude Include="misc\Util.hpp">
      <Filter>Header Files</Filter>
    </ClInclude>
    <ClInclude Include="misc\Vector.hpp">
      <Filter>Header Files</Filter>
    </ClInclude>
    <ClInclude Include="misc\VectorXY.hpp">
      <Filter>Header Files</Filter>
    </ClInclude>
    <ClInclude Include="misc\CompilerSettings.hpp">
      <Filter>Header Files</Filter>
    </ClInclude>
    <ClInclude Include="interface\CmdArgs.hpp">
      <Filter>Header Files</Filter>
    </ClInclude>
    <ClInclude Include="net\data\GameEvent.hpp">
      <Filter>Header Files</Filter>
    </ClInclude>
    <ClInclude Include="net\entities\IPropertySet.hpp">
      <Filter>Header Files</Filter>
    </ClInclude>
    <ClInclude Include="net\data\SendPropVariant.hpp">
      <Filter>Header Files</Filter>
    </ClInclude>
    <ClInclude Include="net\data\KnownStringTable.hpp">
      <Filter>Header Files</Filter>
    </ClInclude>
    <ClInclude Include="net\entities\EntityCoder.hpp">
      <Filter>Header Files</Filter>
    </ClInclude>
    <ClInclude Include="net\netmessages\NetCrosshairAngleMessage.hpp">
      <Filter>Header Files</Filter>
    </ClInclude>
    <ClInclude Include="net\entities\IBaseEntity.hpp">
      <Filter>Header Files</Filter>
    </ClInclude>
    <ClInclude Include="net\entities\TempEntity.hpp">
      <Filter>Header Files</Filter>
    </ClInclude>
    <ClInclude Include="net\data\SendPropData.hpp">
      <Filter>Header Files</Filter>
    </ClInclude>
    <ClInclude Include="net\netmessages\NetSetPauseMessage.hpp">
      <Filter>Header Files</Filter>
    </ClInclude>
    <ClInclude Include="net\netmessages\NetGetCvarValueMessage.hpp">
      <Filter>Header Files</Filter>
    </ClInclude>
    <ClInclude Include="misc\Semaphore.hpp">
      <Filter>Header Files</Filter>
    </ClInclude>
    <ClInclude Include="misc\StrBuf.hpp">
      <Filter>Header Files</Filter>
    </ClInclude>
  </ItemGroup>
  <ItemGroup>
    <ClCompile Include="net\data\GameEventDataType.cpp">
      <Filter>Source Files</Filter>
    </ClCompile>
    <ClCompile Include="net\data\SendProp.cpp">
      <Filter>Source Files</Filter>
    </ClCompile>
    <ClCompile Include="net\data\SendPropDefinition.cpp">
      <Filter>Source Files</Filter>
    </ClCompile>
    <ClCompile Include="net\data\SendPropFlags.cpp">
      <Filter>Source Files</Filter>
    </ClCompile>
    <ClCompile Include="net\data\SendPropType.cpp">
      <Filter>Source Files</Filter>
    </ClCompile>
    <ClCompile Include="net\data\SendTable.cpp">
      <Filter>Source Files</Filter>
    </ClCompile>
    <ClCompile Include="net\data\ServerClass.cpp">
      <Filter>Source Files</Filter>
    </ClCompile>
    <ClCompile Include="net\data\StringTable.cpp">
      <Filter>Source Files</Filter>
    </ClCompile>
    <ClCompile Include="net\data\StringTableEntry.cpp">
      <Filter>Source Files</Filter>
    </ClCompile>
    <ClCompile Include="net\data\StringTableUpdate.cpp">
      <Filter>Source Files</Filter>
    </ClCompile>
    <ClCompile Include="net\data\UserInfo.cpp">
      <Filter>Source Files</Filter>
    </ClCompile>
    <ClCompile Include="net\entities\Entity.cpp">
      <Filter>Source Files</Filter>
    </ClCompile>
    <ClCompile Include="net\netmessages\INetMessage.cpp">
      <Filter>Source Files</Filter>
    </ClCompile>
    <ClCompile Include="net\netmessages\NetBspDecalMessage.cpp">
      <Filter>Source Files</Filter>
    </ClCompile>
    <ClCompile Include="net\netmessages\NetClassInfoMessage.cpp">
      <Filter>Source Files</Filter>
    </ClCompile>
    <ClCompile Include="net\netmessages\NetCreateStringTableMessage.cpp">
      <Filter>Source Files</Filter>
    </ClCompile>
    <ClCompile Include="net\netmessages\NetEntityMessage.cpp">
      <Filter>Source Files</Filter>
    </ClCompile>
    <ClCompile Include="net\netmessages\NetFileMessage.cpp">
      <Filter>Source Files</Filter>
    </ClCompile>
    <ClCompile Include="net\netmessages\NetFixAngleMessage.cpp">
      <Filter>Source Files</Filter>
    </ClCompile>
    <ClCompile Include="net\netmessages\NetGameEventListMessage.cpp">
      <Filter>Source Files</Filter>
    </ClCompile>
    <ClCompile Include="net\netmessages\NetGameEventMessage.cpp">
      <Filter>Source Files</Filter>
    </ClCompile>
    <ClCompile Include="net\netmessages\NetMessageType.cpp">
      <Filter>Source Files</Filter>
    </ClCompile>
    <ClCompile Include="net\netmessages\NetPacketEntitiesMessage.cpp">
      <Filter>Source Files</Filter>
    </ClCompile>
    <ClCompile Include="net\netmessages\NetPrefetchMessage.cpp">
      <Filter>Source Files</Filter>
    </ClCompile>
    <ClCompile Include="net\netmessages\NetPrintMessage.cpp">
      <Filter>Source Files</Filter>
    </ClCompile>
    <ClCompile Include="net\netmessages\NetServerInfoMessage.cpp">
      <Filter>Source Files</Filter>
    </ClCompile>
    <ClCompile Include="net\netmessages\NetSetConVarMessage.cpp">
      <Filter>Source Files</Filter>
    </ClCompile>
    <ClCompile Include="net\netmessages\NetSetViewMessage.cpp">
      <Filter>Source Files</Filter>
    </ClCompile>
    <ClCompile Include="net\netmessages\NetSignonStateMessage.cpp">
      <Filter>Source Files</Filter>
    </ClCompile>
    <ClCompile Include="net\netmessages\NetSoundMessage.cpp">
      <Filter>Source Files</Filter>
    </ClCompile>
    <ClCompile Include="net\netmessages\NetStringCmdMessage.cpp">
      <Filter>Source Files</Filter>
    </ClCompile>
    <ClCompile Include="net\netmessages\NetTempEntitiesMessage.cpp">
      <Filter>Source Files</Filter>
    </ClCompile>
    <ClCompile Include="net\netmessages\NetTickMessage.cpp">
      <Filter>Source Files</Filter>
    </ClCompile>
    <ClCompile Include="net\netmessages\NetUpdateStringTableMessage.cpp">
      <Filter>Source Files</Filter>
    </ClCompile>
    <ClCompile Include="net\netmessages\NetUsrMsgMessage.cpp">
      <Filter>Source Files</Filter>
    </ClCompile>
    <ClCompile Include="net\netmessages\NetVoiceDataMessage.cpp">
      <Filter>Source Files</Filter>
    </ClCompile>
    <ClCompile Include="net\netmessages\NetVoiceInitMessage.cpp">
      <Filter>Source Files</Filter>
    </ClCompile>
    <ClCompile Include="net\worldstate\WorldEvents.cpp">
      <Filter>Source Files</Filter>
    </ClCompile>
    <ClCompile Include="net\worldstate\WorldState.cpp">
      <Filter>Source Files</Filter>
    </ClCompile>
    <ClCompile Include="net\NetMessageCoder.cpp">
      <Filter>Source Files</Filter>
    </ClCompile>
    <ClCompile Include="BitIO\BitIOBase.cpp">
      <Filter>Source Files</Filter>
    </ClCompile>
    <ClCompile Include="BitIO\BitIOCore.cpp">
      <Filter>Source Files</Filter>
    </ClCompile>
    <ClCompile Include="BitIO\BitIOReader.cpp">
      <Filter>Source Files</Filter>
    </ClCompile>
    <ClCompile Include="BitIO\BitIOWriter.cpp">
      <Filter>Source Files</Filter>
    </ClCompile>
    <ClCompile Include="BitIO\IStreamElement.cpp">
      <Filter>Source Files</Filter>
    </ClCompile>
    <ClCompile Include="demos\commands\DemoConsoleCommand.cpp">
      <Filter>Source Files</Filter>
    </ClCompile>
    <ClCompile Include="demos\commands\DemoDataTablesCommand.cpp">
      <Filter>Source Files</Filter>
    </ClCompile>
    <ClCompile Include="demos\commands\DemoPacketCommand.cpp">
      <Filter>Source Files</Filter>
    </ClCompile>
    <ClCompile Include="demos\commands\DemoStringTablesCommand.cpp">
      <Filter>Source Files</Filter>
    </ClCompile>
    <ClCompile Include="demos\commands\DemoSyncTickCommand.cpp">
      <Filter>Source Files</Filter>
    </ClCompile>
    <ClCompile Include="demos\commands\DemoUserCommand.cpp">
      <Filter>Source Files</Filter>
    </ClCompile>
    <ClCompile Include="demos\commands\TimestampedDemoCommand.cpp">
      <Filter>Source Files</Filter>
    </ClCompile>
    <ClCompile Include="demos\DemoCommandType.cpp">
      <Filter>Source Files</Filter>
    </ClCompile>
    <ClCompile Include="demos\DemoFile.cpp">
      <Filter>Source Files</Filter>
    </ClCompile>
    <ClCompile Include="demos\DemoHeader.cpp">
      <Filter>Source Files</Filter>
    </ClCompile>
    <ClCompile Include="demos\DemoViewpoint.cpp">
      <Filter>Source Files</Filter>
    </ClCompile>
    <ClCompile Include="misc\Util.cpp">
      <Filter>Source Files</Filter>
    </ClCompile>
    <ClCompile Include="BitIO\BitPosition.cpp">
      <Filter>Source Files</Filter>
    </ClCompile>
    <ClCompile Include="net\data\GameEvent.cpp">
      <Filter>Source Files</Filter>
    </ClCompile>
    <ClCompile Include="net\entities\IPropertySet.cpp">
      <Filter>Source Files</Filter>
    </ClCompile>
    <ClCompile Include="net\entities\EntityCoder.cpp">
      <Filter>Source Files</Filter>
    </ClCompile>
    <ClCompile Include="net\netmessages\NetCrosshairAngleMessage.cpp">
      <Filter>Source Files</Filter>
    </ClCompile>
    <ClCompile Include="net\entities\IBaseEntity.cpp">
      <Filter>Source Files</Filter>
    </ClCompile>
    <ClCompile Include="net\netmessages\NetSetPauseMessage.cpp">
      <Filter>Source Files</Filter>
    </ClCompile>
    <ClCompile Include="net\netmessages\NetGetCvarValueMessage.cpp">
      <Filter>Source Files</Filter>
    </ClCompile>
    <ClCompile Include="$(MSBuildThisFileDirectory)..\..\lib\native\src\snappy-single-file.cpp">
      <Filter>Source Files</Filter>
    </ClCompile>
  </ItemGroup>
  <ItemGroup>
    <Natvis Include="misc\NatVis\BitIO.natvis" />
    <Natvis Include="misc\NatVis\SendProp.natvis" />
    <Natvis Include="misc\NatVis\Entity.natvis" />
    <Natvis Include="misc\NatVis\Vector.natvis" />
    <Natvis Include="misc\NatVis\StringTable.natvis" />
    <Natvis Include="misc\NatVis\DemoCommands.natvis" />
  </ItemGroup>
</Project>